
Microsoft Visual Studio Solution File, Format Version 12.00
# Visual Studio Version 17
VisualStudioVersion = 17.8.34004.107
MinimumVisualStudioVersion = 10.0.40219.1
Project("{9A19103F-16F7-4668-BE54-9A1E7A4F7556}") = "MitrosremERP", "MitrosremERP\MitrosremERP.csproj", "{07C874B1-1BBE-417B-8104-52AC6E476206}"
EndProject
Project("{9A19103F-16F7-4668-BE54-9A1E7A4F7556}") = "MitrosremERP.Aplication", "MitrosremERP.DAL\MitrosremERP.Aplication.csproj", "{5DBEAA03-BCBF-4845-9CD4-500FDA014EED}"
EndProject
Project("{9A19103F-16F7-4668-BE54-9A1E7A4F7556}") = "MitrosremERP.Infrastructure", "MitrosremERP.Service\MitrosremERP.Infrastructure.csproj", "{A78FA13B-1328-404F-A61A-927031520548}"
EndProject
Project("{9A19103F-16F7-4668-BE54-9A1E7A4F7556}") = "MitrosremERP.Domain", "MitrosremERP.Domain\MitrosremERP.Domain.csproj", "{47FCF618-A79B-498F-8A59-FC355B1A3FEF}"
EndProject
Global
	GlobalSection(SolutionConfigurationPlatforms) = preSolution
		Debug|Any CPU = Debug|Any CPU
		Release|Any CPU = Release|Any CPU
	EndGlobalSection
	GlobalSection(ProjectConfigurationPlatforms) = postSolution
		{07C874B1-1BBE-417B-8104-52AC6E476206}.Debug|Any CPU.ActiveCfg = Debug|Any CPU
		{07C874B1-1BBE-417B-8104-52AC6E476206}.Debug|Any CPU.Build.0 = Debug|Any CPU
		{07C874B1-1BBE-417B-8104-52AC6E476206}.Release|Any CPU.ActiveCfg = Release|Any CPU
		{07C874B1-1BBE-417B-8104-52AC6E476206}.Release|Any CPU.Build.0 = Release|Any CPU
		{5DBEAA03-BCBF-4845-9CD4-500FDA014EED}.Debug|Any CPU.ActiveCfg = Debug|Any CPU
		{5DBEAA03-BCBF-4845-9CD4-500FDA014EED}.Debug|Any CPU.Build.0 = Debug|Any CPU
		{5DBEAA03-BCBF-4845-9CD4-500FDA014EED}.Release|Any CPU.ActiveCfg = Release|Any CPU
		{5DBEAA03-BCBF-4845-9CD4-500FDA014EED}.Release|Any CPU.Build.0 = Release|Any CPU
		{A78FA13B-1328-404F-A61A-927031520548}.Debug|Any CPU.ActiveCfg = Debug|Any CPU
		{A78FA13B-1328-404F-A61A-927031520548}.Debug|Any CPU.Build.0 = Debug|Any CPU
		{A78FA13B-1328-404F-A61A-927031520548}.Release|Any CPU.ActiveCfg = Release|Any CPU
		{A78FA13B-1328-404F-A61A-927031520548}.Release|Any CPU.Build.0 = Release|Any CPU
		{47FCF618-A79B-498F-8A59-FC355B1A3FEF}.Debug|Any CPU.ActiveCfg = Debug|Any CPU
		{47FCF618-A79B-498F-8A59-FC355B1A3FEF}.Debug|Any CPU.Build.0 = Debug|Any CPU
		{47FCF618-A79B-498F-8A59-FC355B1A3FEF}.Release|Any CPU.ActiveCfg = Release|Any CPU
		{47FCF618-A79B-498F-8A59-FC355B1A3FEF}.Release|Any CPU.Build.0 = Release|Any CPU
	EndGlobalSection
	GlobalSection(SolutionProperties) = preSolution
		HideSolutionNode = FALSE
	EndGlobalSection
	GlobalSection(ExtensibilityGlobals) = postSolution
		SolutionGuid = {80DCDCF4-88AC-434D-A5EA-24FF3DDF1929}
	EndGlobalSection
EndGlobal
